
Microsoft Visual Studio Solution File, Format Version 12.00
# Visual Studio Version 17
VisualStudioVersion = 17.13.35806.99
MinimumVisualStudioVersion = 10.0.40219.1
Project("{FAE04EC0-301F-11D3-BF4B-00C04F79EFBC}") = "Financ.API", "Financ.API\Financ.API.csproj", "{E2774B6D-0834-4364-91B5-094BC928CA14}"
EndProject
Project("{FAE04EC0-301F-11D3-BF4B-00C04F79EFBC}") = "Finance.Domain", "Finance.Domain\Finance.Domain.csproj", "{42727462-A843-4931-91CA-6186FB6EE3C4}"
EndProject
Project("{FAE04EC0-301F-11D3-BF4B-00C04F79EFBC}") = "Finance.Application", "Finance.Application\Finance.Application.csproj", "{C5F78A72-15F6-49C2-8337-C98C54FB0201}"
EndProject
Project("{FAE04EC0-301F-11D3-BF4B-00C04F79EFBC}") = "Finance.Infrastructure", "Finance.Infrastructure\Finance.Infrastructure.csproj", "{634783DA-80D2-464C-B491-C63A54BBA498}"
EndProject
Project("{FAE04EC0-301F-11D3-BF4B-00C04F79EFBC}") = "Finance.Shared", "Finance.Shared\Finance.Shared.csproj", "{F1D85595-6462-45AB-A07C-31C87C21BACA}"
EndProject
Global
	GlobalSection(SolutionConfigurationPlatforms) = preSolution
		Debug|Any CPU = Debug|Any CPU
		Release|Any CPU = Release|Any CPU
	EndGlobalSection
	GlobalSection(ProjectConfigurationPlatforms) = postSolution
		{E2774B6D-0834-4364-91B5-094BC928CA14}.Debug|Any CPU.ActiveCfg = Debug|Any CPU
		{E2774B6D-0834-4364-91B5-094BC928CA14}.Debug|Any CPU.Build.0 = Debug|Any CPU
		{E2774B6D-0834-4364-91B5-094BC928CA14}.Release|Any CPU.ActiveCfg = Release|Any CPU
		{E2774B6D-0834-4364-91B5-094BC928CA14}.Release|Any CPU.Build.0 = Release|Any CPU
		{42727462-A843-4931-91CA-6186FB6EE3C4}.Debug|Any CPU.ActiveCfg = Debug|Any CPU
		{42727462-A843-4931-91CA-6186FB6EE3C4}.Debug|Any CPU.Build.0 = Debug|Any CPU
		{42727462-A843-4931-91CA-6186FB6EE3C4}.Release|Any CPU.ActiveCfg = Release|Any CPU
		{42727462-A843-4931-91CA-6186FB6EE3C4}.Release|Any CPU.Build.0 = Release|Any CPU
		{C5F78A72-15F6-49C2-8337-C98C54FB0201}.Debug|Any CPU.ActiveCfg = Debug|Any CPU
		{C5F78A72-15F6-49C2-8337-C98C54FB0201}.Debug|Any CPU.Build.0 = Debug|Any CPU
		{C5F78A72-15F6-49C2-8337-C98C54FB0201}.Release|Any CPU.ActiveCfg = Release|Any CPU
		{C5F78A72-15F6-49C2-8337-C98C54FB0201}.Release|Any CPU.Build.0 = Release|Any CPU
		{634783DA-80D2-464C-B491-C63A54BBA498}.Debug|Any CPU.ActiveCfg = Debug|Any CPU
		{634783DA-80D2-464C-B491-C63A54BBA498}.Debug|Any CPU.Build.0 = Debug|Any CPU
		{634783DA-80D2-464C-B491-C63A54BBA498}.Release|Any CPU.ActiveCfg = Release|Any CPU
		{634783DA-80D2-464C-B491-C63A54BBA498}.Release|Any CPU.Build.0 = Release|Any CPU
		{F1D85595-6462-45AB-A07C-31C87C21BACA}.Debug|Any CPU.ActiveCfg = Debug|Any CPU
		{F1D85595-6462-45AB-A07C-31C87C21BACA}.Debug|Any CPU.Build.0 = Debug|Any CPU
		{F1D85595-6462-45AB-A07C-31C87C21BACA}.Release|Any CPU.ActiveCfg = Release|Any CPU
		{F1D85595-6462-45AB-A07C-31C87C21BACA}.Release|Any CPU.Build.0 = Release|Any CPU
	EndGlobalSection
	GlobalSection(SolutionProperties) = preSolution
		HideSolutionNode = FALSE
	EndGlobalSection
	GlobalSection(ExtensibilityGlobals) = postSolution
		SolutionGuid = {FF0A1E48-575E-46BB-A8CB-1EDC4AB17D80}
	EndGlobalSection
EndGlobal
